
Microsoft Visual Studio Solution File, Format Version 12.00
# Visual Studio 15
VisualStudioVersion = 15.0.26730.16
MinimumVisualStudioVersion = 10.0.40219.1
Project("{8BC9CEB8-8B4A-11D0-8D11-00A0C91BC942}") = "LabProjects", "LabProjects\LabProjects.vcxproj", "{39EA8100-67D0-429B-994D-ADA911793F2B}"
EndProject
Project("{8BC9CEB8-8B4A-11D0-8D11-00A0C91BC942}") = "LabProject01", "LabProject01\LabProject01.vcxproj", "{96E3A605-A839-4FF3-AB62-EE8B135E08E5}"
EndProject
Project("{8BC9CEB8-8B4A-11D0-8D11-00A0C91BC942}") = "LabProject02", "LabProject02\LabProject02.vcxproj", "{141EB39E-EF67-4893-B404-1D3EF2E91C15}"
EndProject
Project("{8BC9CEB8-8B4A-11D0-8D11-00A0C91BC942}") = "LabProject03", "LabProject03\LabProject03.vcxproj", "{1B47667A-A010-4213-949A-19D5D2A35F15}"
EndProject
Project("{8BC9CEB8-8B4A-11D0-8D11-00A0C91BC942}") = "LabProject04", "LabProject04\LabProject04.vcxproj", "{5830CF9A-3CFC-42CA-AC17-F42226E501A1}"
EndProject
Project("{8BC9CEB8-8B4A-11D0-8D11-00A0C91BC942}") = "LabProject05", "LabProject05\LabProject05.vcxproj", "{871C58BE-C5FF-47CC-B3AD-D087852F3191}"
EndProject
Project("{8BC9CEB8-8B4A-11D0-8D11-00A0C91BC942}") = "LabProject06", "LabProject06\LabProject06.vcxproj", "{7F2AD9F7-53E9-4B9A-9802-613D630546B7}"
EndProject
Project("{8BC9CEB8-8B4A-11D0-8D11-00A0C91BC942}") = "LabProject07", "LabProject07\LabProject07.vcxproj", "{E5395E52-F930-475E-9557-686FB9098CAF}"
EndProject
Project("{8BC9CEB8-8B4A-11D0-8D11-00A0C91BC942}") = "LabProject08", "LabProject08\LabProject08.vcxproj", "{9E0135BE-CE38-4BA4-8D65-2F55B95D434B}"
EndProject
Project("{8BC9CEB8-8B4A-11D0-8D11-00A0C91BC942}") = "LabProject09", "LabProject09\LabProject09.vcxproj", "{C570A907-634A-468A-BC76-8AC523EE096A}"
EndProject
Project("{8BC9CEB8-8B4A-11D0-8D11-00A0C91BC942}") = "LabProject10", "LabProject10\LabProject10.vcxproj", "{89E14DD8-BE1D-41B8-88B1-58FB7E6BB77E}"
EndProject
Global
	GlobalSection(SolutionConfigurationPlatforms) = preSolution
		Debug|x64 = Debug|x64
		Debug|x86 = Debug|x86
		Release|x64 = Release|x64
		Release|x86 = Release|x86
	EndGlobalSection
	GlobalSection(ProjectConfigurationPlatforms) = postSolution
		{39EA8100-67D0-429B-994D-ADA911793F2B}.Debug|x64.ActiveCfg = Debug|x64
		{39EA8100-67D0-429B-994D-ADA911793F2B}.Debug|x64.Build.0 = Debug|x64
		{39EA8100-67D0-429B-994D-ADA911793F2B}.Debug|x86.ActiveCfg = Debug|Win32
		{39EA8100-67D0-429B-994D-ADA911793F2B}.Debug|x86.Build.0 = Debug|Win32
		{39EA8100-67D0-429B-994D-ADA911793F2B}.Release|x64.ActiveCfg = Release|x64
		{39EA8100-67D0-429B-994D-ADA911793F2B}.Release|x64.Build.0 = Release|x64
		{39EA8100-67D0-429B-994D-ADA911793F2B}.Release|x86.ActiveCfg = Release|Win32
		{39EA8100-67D0-429B-994D-ADA911793F2B}.Release|x86.Build.0 = Release|Win32
		{96E3A605-A839-4FF3-AB62-EE8B135E08E5}.Debug|x64.ActiveCfg = Debug|x64
		{96E3A605-A839-4FF3-AB62-EE8B135E08E5}.Debug|x64.Build.0 = Debug|x64
		{96E3A605-A839-4FF3-AB62-EE8B135E08E5}.Debug|x86.ActiveCfg = Debug|Win32
		{96E3A605-A839-4FF3-AB62-EE8B135E08E5}.Debug|x86.Build.0 = Debug|Win32
		{96E3A605-A839-4FF3-AB62-EE8B135E08E5}.Release|x64.ActiveCfg = Release|x64
		{96E3A605-A839-4FF3-AB62-EE8B135E08E5}.Release|x64.Build.0 = Release|x64
		{96E3A605-A839-4FF3-AB62-EE8B135E08E5}.Release|x86.ActiveCfg = Release|Win32
		{96E3A605-A839-4FF3-AB62-EE8B135E08E5}.Release|x86.Build.0 = Release|Win32
		{141EB39E-EF67-4893-B404-1D3EF2E91C15}.Debug|x64.ActiveCfg = Debug|x64
		{141EB39E-EF67-4893-B404-1D3EF2E91C15}.Debug|x64.Build.0 = Debug|x64
		{141EB39E-EF67-4893-B404-1D3EF2E91C15}.Debug|x86.ActiveCfg = Debug|Win32
		{141EB39E-EF67-4893-B404-1D3EF2E91C15}.Debug|x86.Build.0 = Debug|Win32
		{141EB39E-EF67-4893-B404-1D3EF2E91C15}.Release|x64.ActiveCfg = Release|x64
		{141EB39E-EF67-4893-B404-1D3EF2E91C15}.Release|x64.Build.0 = Release|x64
		{141EB39E-EF67-4893-B404-1D3EF2E91C15}.Release|x86.ActiveCfg = Release|Win32
		{141EB39E-EF67-4893-B404-1D3EF2E91C15}.Release|x86.Build.0 = Release|Win32
		{1B47667A-A010-4213-949A-19D5D2A35F15}.Debug|x64.ActiveCfg = Debug|x64
		{1B47667A-A010-4213-949A-19D5D2A35F15}.Debug|x64.Build.0 = Debug|x64
		{1B47667A-A010-4213-949A-19D5D2A35F15}.Debug|x86.ActiveCfg = Debug|Win32
		{1B47667A-A010-4213-949A-19D5D2A35F15}.Debug|x86.Build.0 = Debug|Win32
		{1B47667A-A010-4213-949A-19D5D2A35F15}.Release|x64.ActiveCfg = Release|x64
		{1B47667A-A010-4213-949A-19D5D2A35F15}.Release|x64.Build.0 = Release|x64
		{1B47667A-A010-4213-949A-19D5D2A35F15}.Release|x86.ActiveCfg = Release|Win32
		{1B47667A-A010-4213-949A-19D5D2A35F15}.Release|x86.Build.0 = Release|Win32
		{5830CF9A-3CFC-42CA-AC17-F42226E501A1}.Debug|x64.ActiveCfg = Debug|x64
		{5830CF9A-3CFC-42CA-AC17-F42226E501A1}.Debug|x64.Build.0 = Debug|x64
		{5830CF9A-3CFC-42CA-AC17-F42226E501A1}.Debug|x86.ActiveCfg = Debug|Win32
		{5830CF9A-3CFC-42CA-AC17-F42226E501A1}.Debug|x86.Build.0 = Debug|Win32
		{5830CF9A-3CFC-42CA-AC17-F42226E501A1}.Release|x64.ActiveCfg = Release|x64
		{5830CF9A-3CFC-42CA-AC17-F42226E501A1}.Release|x64.Build.0 = Release|x64
		{5830CF9A-3CFC-42CA-AC17-F42226E501A1}.Release|x86.ActiveCfg = Release|Win32
		{5830CF9A-3CFC-42CA-AC17-F42226E501A1}.Release|x86.Build.0 = Release|Win32
		{871C58BE-C5FF-47CC-B3AD-D087852F3191}.Debug|x64.ActiveCfg = Debug|x64
		{871C58BE-C5FF-47CC-B3AD-D087852F3191}.Debug|x64.Build.0 = Debug|x64
		{871C58BE-C5FF-47CC-B3AD-D087852F3191}.Debug|x86.ActiveCfg = Debug|Win32
		{871C58BE-C5FF-47CC-B3AD-D087852F3191}.Debug|x86.Build.0 = Debug|Win32
		{871C58BE-C5FF-47CC-B3AD-D087852F3191}.Release|x64.ActiveCfg = Release|x64
		{871C58BE-C5FF-47CC-B3AD-D087852F3191}.Release|x64.Build.0 = Release|x64
		{871C58BE-C5FF-47CC-B3AD-D087852F3191}.Release|x86.ActiveCfg = Release|Win32
		{871C58BE-C5FF-47CC-B3AD-D087852F3191}.Release|x86.Build.0 = Release|Win32
		{7F2AD9F7-53E9-4B9A-9802-613D630546B7}.Debug|x64.ActiveCfg = Debug|x64
		{7F2AD9F7-53E9-4B9A-9802-613D630546B7}.Debug|x64.Build.0 = Debug|x64
		{7F2AD9F7-53E9-4B9A-9802-613D630546B7}.Debug|x86.ActiveCfg = Debug|Win32
		{7F2AD9F7-53E9-4B9A-9802-613D630546B7}.Debug|x86.Build.0 = Debug|Win32
		{7F2AD9F7-53E9-4B9A-9802-613D630546B7}.Release|x64.ActiveCfg = Release|x64
		{7F2AD9F7-53E9-4B9A-9802-613D630546B7}.Release|x64.Build.0 = Release|x64
		{7F2AD9F7-53E9-4B9A-9802-613D630546B7}.Release|x86.ActiveCfg = Release|Win32
		{7F2AD9F7-53E9-4B9A-9802-613D630546B7}.Release|x86.Build.0 = Release|Win32
		{E5395E52-F930-475E-9557-686FB9098CAF}.Debug|x64.ActiveCfg = Debug|x64
		{E5395E52-F930-475E-9557-686FB9098CAF}.Debug|x64.Build.0 = Debug|x64
		{E5395E52-F930-475E-9557-686FB9098CAF}.Debug|x86.ActiveCfg = Debug|Win32
		{E5395E52-F930-475E-9557-686FB9098CAF}.Debug|x86.Build.0 = Debug|Win32
		{E5395E52-F930-475E-9557-686FB9098CAF}.Release|x64.ActiveCfg = Release|x64
		{E5395E52-F930-475E-9557-686FB9098CAF}.Release|x64.Build.0 = Release|x64
		{E5395E52-F930-475E-9557-686FB9098CAF}.Release|x86.ActiveCfg = Release|Win32
		{E5395E52-F930-475E-9557-686FB9098CAF}.Release|x86.Build.0 = Release|Win32
		{9E0135BE-CE38-4BA4-8D65-2F55B95D434B}.Debug|x64.ActiveCfg = Debug|x64
		{9E0135BE-CE38-4BA4-8D65-2F55B95D434B}.Debug|x64.Build.0 = Debug|x64
		{9E0135BE-CE38-4BA4-8D65-2F55B95D434B}.Debug|x86.ActiveCfg = Debug|Win32
		{9E0135BE-CE38-4BA4-8D65-2F55B95D434B}.Debug|x86.Build.0 = Debug|Win32
		{9E0135BE-CE38-4BA4-8D65-2F55B95D434B}.Release|x64.ActiveCfg = Release|x64
		{9E0135BE-CE38-4BA4-8D65-2F55B95D434B}.Release|x64.Build.0 = Release|x64
		{9E0135BE-CE38-4BA4-8D65-2F55B95D434B}.Release|x86.ActiveCfg = Release|Win32
		{9E0135BE-CE38-4BA4-8D65-2F55B95D434B}.Release|x86.Build.0 = Release|Win32
		{C570A907-634A-468A-BC76-8AC523EE096A}.Debug|x64.ActiveCfg = Debug|x64
		{C570A907-634A-468A-BC76-8AC523EE096A}.Debug|x64.Build.0 = Debug|x64
		{C570A907-634A-468A-BC76-8AC523EE096A}.Debug|x86.ActiveCfg = Debug|Win32
		{C570A907-634A-468A-BC76-8AC523EE096A}.Debug|x86.Build.0 = Debug|Win32
		{C570A907-634A-468A-BC76-8AC523EE096A}.Release|x64.ActiveCfg = Release|x64
		{C570A907-634A-468A-BC76-8AC523EE096A}.Release|x64.Build.0 = Release|x64
		{C570A907-634A-468A-BC76-8AC523EE096A}.Release|x86.ActiveCfg = Release|Win32
		{C570A907-634A-468A-BC76-8AC523EE096A}.Release|x86.Build.0 = Release|Win32
		{89E14DD8-BE1D-41B8-88B1-58FB7E6BB77E}.Debug|x64.ActiveCfg = Debug|x64
		{89E14DD8-BE1D-41B8-88B1-58FB7E6BB77E}.Debug|x64.Build.0 = Debug|x64
		{89E14DD8-BE1D-41B8-88B1-58FB7E6BB77E}.Debug|x86.ActiveCfg = Debug|Win32
		{89E14DD8-BE1D-41B8-88B1-58FB7E6BB77E}.Debug|x86.Build.0 = Debug|Win32
		{89E14DD8-BE1D-41B8-88B1-58FB7E6BB77E}.Release|x64.ActiveCfg = Release|x64
		{89E14DD8-BE1D-41B8-88B1-58FB7E6BB77E}.Release|x64.Build.0 = Release|x64
		{89E14DD8-BE1D-41B8-88B1-58FB7E6BB77E}.Release|x86.ActiveCfg = Release|Win32
		{89E14DD8-BE1D-41B8-88B1-58FB7E6BB77E}.Release|x86.Build.0 = Release|Win32
	EndGlobalSection
	GlobalSection(SolutionProperties) = preSolution
		HideSolutionNode = FALSE
	EndGlobalSection
	GlobalSection(ExtensibilityGlobals) = postSolution
		SolutionGuid = {22310B2B-CAD8-40D6-9E92-9DDD5DBCC4DD}
	EndGlobalSection
EndGlobal
