<?xml version="1.0" encoding="utf-8"?>
<Project ToolsVersion="4.0" xmlns="http://schemas.microsoft.com/developer/msbuild/2003">
  <ItemGroup>
    <Filter Include="리소스 파일">
      <UniqueIdentifier>{67DA6AB6-F800-4c08-8B7A-83BB121AAD01}</UniqueIdentifier>
      <Extensions>rc;ico;cur;bmp;dlg;rc2;rct;bin;rgs;gif;jpg;jpeg;jpe;resx;tiff;tif;png;wav;mfcribbon-ms</Extensions>
    </Filter>
    <Filter Include="Camera">
      <UniqueIdentifier>{b3907033-104f-4d63-a3d3-c196fa07eb20}</UniqueIdentifier>
    </Filter>
    <Filter Include="Framework">
      <UniqueIdentifier>{b9823582-58f4-4934-bab9-3cdd13530d4e}</UniqueIdentifier>
    </Filter>
    <Filter Include="Global">
      <UniqueIdentifier>{0c63234a-2c7f-4d96-babd-61523cd6aa28}</UniqueIdentifier>
    </Filter>
    <Filter Include="Global\ETC">
      <UniqueIdentifier>{83d4c467-7d79-4218-96e4-107c4aac633e}</UniqueIdentifier>
    </Filter>
    <Filter Include="Global\Timer">
      <UniqueIdentifier>{1a6e3e4e-78d9-4fca-bb7c-6ac08341cad6}</UniqueIdentifier>
    </Filter>
    <Filter Include="Main">
      <UniqueIdentifier>{49eac1e9-38d9-4a67-abe0-2dc34058e919}</UniqueIdentifier>
    </Filter>
    <Filter Include="Mesh">
      <UniqueIdentifier>{1c9e8154-9435-446b-a3bf-ddd340629503}</UniqueIdentifier>
    </Filter>
    <Filter Include="Objects">
      <UniqueIdentifier>{c07b695f-5d15-45b3-a247-783d9e59bc7a}</UniqueIdentifier>
    </Filter>
    <Filter Include="Objects\Object">
      <UniqueIdentifier>{e7115fd7-82b1-4fb2-aeae-383649b21a61}</UniqueIdentifier>
    </Filter>
    <Filter Include="Objects\Player">
      <UniqueIdentifier>{cefa9870-4f31-4a64-9e70-6b13dfb9b688}</UniqueIdentifier>
    </Filter>
    <Filter Include="TextureLoader">
      <UniqueIdentifier>{bc87e371-139c-4be1-9ea6-7ef4ebbccbff}</UniqueIdentifier>
    </Filter>
    <Filter Include="Scene">
      <UniqueIdentifier>{2171b63a-0e0b-48af-8e5f-a1323821c965}</UniqueIdentifier>
    </Filter>
    <Filter Include="Shader">
      <UniqueIdentifier>{3cdd9309-6602-4caa-8751-e3c2fdaf2c7a}</UniqueIdentifier>
    </Filter>
  </ItemGroup>
  <ItemGroup>
    <Text Include="ReadMe.txt" />
  </ItemGroup>
  <ItemGroup>
    <ClInclude Include="Camera.h">
      <Filter>Camera</Filter>
    </ClInclude>
    <ClInclude Include="GameFramework.h">
      <Filter>Framework</Filter>
    </ClInclude>
    <ClInclude Include="Timer.h">
      <Filter>Global\Timer</Filter>
    </ClInclude>
    <ClInclude Include="targetver.h">
      <Filter>Global\ETC</Filter>
    </ClInclude>
    <ClInclude Include="stdafx.h">
      <Filter>Global\ETC</Filter>
    </ClInclude>
    <ClInclude Include="3d2Homework2.h">
      <Filter>Main</Filter>
    </ClInclude>
    <ClInclude Include="Object.h">
      <Filter>Objects\Object</Filter>
    </ClInclude>
    <ClInclude Include="Mesh.h">
      <Filter>Mesh</Filter>
    </ClInclude>
    <ClInclude Include="Player.h">
      <Filter>Objects\Player</Filter>
    </ClInclude>
    <ClInclude Include="DDSTextureLoader12.h">
      <Filter>TextureLoader</Filter>
    </ClInclude>
    <ClInclude Include="Scene.h">
      <Filter>Scene</Filter>
    </ClInclude>
    <ClInclude Include="Shader.h">
      <Filter>Shader</Filter>
    </ClInclude>
    <ClInclude Include="resource.h">
      <Filter>Global\ETC</Filter>
    </ClInclude>
    <ClInclude Include="d3dx12.h">
      <Filter>TextureLoader</Filter>
    </ClInclude>
  </ItemGroup>
  <ItemGroup>
    <ClCompile Include="Camera.cpp">
      <Filter>Camera</Filter>
    </ClCompile>
    <ClCompile Include="GameFramework.cpp">
      <Filter>Framework</Filter>
    </ClCompile>
    <ClCompile Include="Timer.cpp">
      <Filter>Global\Timer</Filter>
    </ClCompile>
    <ClCompile Include="stdafx.cpp">
      <Filter>Global\ETC</Filter>
    </ClCompile>
    <ClCompile Include="3d2Homework2.cpp">
      <Filter>Main</Filter>
    </ClCompile>
    <ClCompile Include="Mesh.cpp">
      <Filter>Mesh</Filter>
    </ClCompile>
    <ClCompile Include="Object.cpp">
      <Filter>Objects\Object</Filter>
    </ClCompile>
    <ClCompile Include="Player.cpp">
      <Filter>Objects\Player</Filter>
    </ClCompile>
    <ClCompile Include="DDSTextureLoader12.cpp">
      <Filter>TextureLoader</Filter>
    </ClCompile>
    <ClCompile Include="Scene.cpp">
      <Filter>Scene</Filter>
    </ClCompile>
    <ClCompile Include="Shader.cpp">
      <Filter>Shader</Filter>
    </ClCompile>
  </ItemGroup>
  <ItemGroup>
    <ResourceCompile Include="3d2Homework2.rc">
      <Filter>리소스 파일</Filter>
    </ResourceCompile>
  </ItemGroup>
  <ItemGroup>
    <Image Include="small.ico">
      <Filter>리소스 파일</Filter>
    </Image>
    <Image Include="3d2Homework2.ico">
      <Filter>리소스 파일</Filter>
    </Image>
  </ItemGroup>
  <ItemGroup>
    <FxCompile Include="Shaders.hlsl">
      <Filter>Shader</Filter>
    </FxCompile>
  </ItemGroup>
</Project>