<?xml version="1.0" encoding="utf-8"?>
<Project ToolsVersion="4.0" xmlns="http://schemas.microsoft.com/developer/msbuild/2003">
  <ItemGroup>
    <Filter Include="소스 파일">
      <UniqueIdentifier>{4FC737F1-C7A5-4376-A066-2A32D752A2FF}</UniqueIdentifier>
      <Extensions>cpp;c;cc;cxx;def;odl;idl;hpj;bat;asm;asmx</Extensions>
    </Filter>
    <Filter Include="리소스 파일">
      <UniqueIdentifier>{67DA6AB6-F800-4c08-8B7A-83BB121AAD01}</UniqueIdentifier>
      <Extensions>rc;ico;cur;bmp;dlg;rc2;rct;bin;rgs;gif;jpg;jpeg;jpe;resx;tiff;tif;png;wav;mfcribbon-ms</Extensions>
    </Filter>
    <Filter Include="소스 파일\Scene">
      <UniqueIdentifier>{1387bd86-42ec-4bac-900c-7ddef1f1d953}</UniqueIdentifier>
    </Filter>
    <Filter Include="소스 파일\Camera">
      <UniqueIdentifier>{9f4ae584-5abe-46c2-b682-8229f86ef37b}</UniqueIdentifier>
    </Filter>
    <Filter Include="소스 파일\Framework">
      <UniqueIdentifier>{54289956-dd47-4182-a888-1680ee6fd16c}</UniqueIdentifier>
    </Filter>
    <Filter Include="소스 파일\Global">
      <UniqueIdentifier>{e7c96d94-5b8f-49b1-b323-99f15ac25c4c}</UniqueIdentifier>
    </Filter>
    <Filter Include="소스 파일\Global\ETC">
      <UniqueIdentifier>{75b44e1f-7f24-41ad-a8bf-bf722fc79e2d}</UniqueIdentifier>
    </Filter>
    <Filter Include="소스 파일\Global\Timer">
      <UniqueIdentifier>{618179ff-600b-46e2-89e7-4b8c3af5604f}</UniqueIdentifier>
    </Filter>
    <Filter Include="소스 파일\Global\PreCompile">
      <UniqueIdentifier>{b3fc66b0-d71d-4976-a4af-f0e203bd28c7}</UniqueIdentifier>
    </Filter>
    <Filter Include="소스 파일\Main">
      <UniqueIdentifier>{4a1f7f88-9abc-4022-9137-ffde99c650fe}</UniqueIdentifier>
    </Filter>
    <Filter Include="소스 파일\Mesh">
      <UniqueIdentifier>{3c8df331-1481-47ad-b983-7f06db5123a3}</UniqueIdentifier>
    </Filter>
    <Filter Include="소스 파일\Objects">
      <UniqueIdentifier>{05926c3c-be8e-4fa8-8953-ea1602343a18}</UniqueIdentifier>
    </Filter>
    <Filter Include="소스 파일\Objects\Object">
      <UniqueIdentifier>{81692597-557b-49f2-9859-5920c053385d}</UniqueIdentifier>
    </Filter>
    <Filter Include="소스 파일\Objects\Player">
      <UniqueIdentifier>{3a79eaf6-edaa-4444-8597-865d7a10d7f8}</UniqueIdentifier>
    </Filter>
    <Filter Include="소스 파일\TextureLoader">
      <UniqueIdentifier>{b796384a-c3e9-4b9a-bb56-85261506aac1}</UniqueIdentifier>
    </Filter>
    <Filter Include="소스 파일\Shader">
      <UniqueIdentifier>{c724daea-a829-4ab2-8a3f-f105c7943212}</UniqueIdentifier>
    </Filter>
  </ItemGroup>
  <ItemGroup>
    <ClInclude Include="Camera.h">
      <Filter>소스 파일\Camera</Filter>
    </ClInclude>
    <ClInclude Include="GameFramework.h">
      <Filter>소스 파일\Framework</Filter>
    </ClInclude>
    <ClInclude Include="3d2Homework3.h">
      <Filter>소스 파일\Main</Filter>
    </ClInclude>
    <ClInclude Include="Mesh.h">
      <Filter>소스 파일\Mesh</Filter>
    </ClInclude>
    <ClInclude Include="Object.h">
      <Filter>소스 파일\Objects\Object</Filter>
    </ClInclude>
    <ClInclude Include="Scene.h">
      <Filter>소스 파일\Scene</Filter>
    </ClInclude>
    <ClInclude Include="Shader.h">
      <Filter>소스 파일\Shader</Filter>
    </ClInclude>
    <ClInclude Include="DDSTextureLoader12.h">
      <Filter>소스 파일\TextureLoader</Filter>
    </ClInclude>
    <ClInclude Include="Player.h">
      <Filter>소스 파일\Objects\Player</Filter>
    </ClInclude>
    <ClInclude Include="Timer.h">
      <Filter>소스 파일\Global\Timer</Filter>
    </ClInclude>
    <ClInclude Include="targetver.h">
      <Filter>소스 파일\Global\ETC</Filter>
    </ClInclude>
    <ClInclude Include="resource.h">
      <Filter>소스 파일\Global\ETC</Filter>
    </ClInclude>
    <ClInclude Include="stdafx.h">
      <Filter>소스 파일\Global\PreCompile</Filter>
    </ClInclude>
  </ItemGroup>
  <ItemGroup>
    <ClCompile Include="Camera.cpp">
      <Filter>소스 파일\Camera</Filter>
    </ClCompile>
    <ClCompile Include="GameFramework.cpp">
      <Filter>소스 파일\Framework</Filter>
    </ClCompile>
    <ClCompile Include="3d2Homework3.cpp">
      <Filter>소스 파일\Main</Filter>
    </ClCompile>
    <ClCompile Include="Mesh.cpp">
      <Filter>소스 파일\Mesh</Filter>
    </ClCompile>
    <ClCompile Include="Object.cpp">
      <Filter>소스 파일\Objects\Object</Filter>
    </ClCompile>
    <ClCompile Include="Scene.cpp">
      <Filter>소스 파일\Scene</Filter>
    </ClCompile>
    <ClCompile Include="Shader.cpp">
      <Filter>소스 파일\Shader</Filter>
    </ClCompile>
    <ClCompile Include="DDSTextureLoader12.cpp">
      <Filter>소스 파일\TextureLoader</Filter>
    </ClCompile>
    <ClCompile Include="Player.cpp">
      <Filter>소스 파일\Objects\Player</Filter>
    </ClCompile>
    <ClCompile Include="Timer.cpp">
      <Filter>소스 파일\Global\Timer</Filter>
    </ClCompile>
    <ClCompile Include="stdafx.cpp">
      <Filter>소스 파일\Global\PreCompile</Filter>
    </ClCompile>
  </ItemGroup>
  <ItemGroup>
    <ResourceCompile Include="3d2Homework3.rc">
      <Filter>리소스 파일</Filter>
    </ResourceCompile>
  </ItemGroup>
  <ItemGroup>
    <Image Include="small.ico">
      <Filter>리소스 파일</Filter>
    </Image>
    <Image Include="3d2Homework3.ico">
      <Filter>리소스 파일</Filter>
    </Image>
  </ItemGroup>
  <ItemGroup>
    <FxCompile Include="Shaders.hlsl">
      <Filter>소스 파일\Shader</Filter>
    </FxCompile>
    <FxCompile Include="Light.hlsl">
      <Filter>소스 파일\Shader</Filter>
    </FxCompile>
  </ItemGroup>
</Project>